// !$*UTF8*$!
{
	archiveVersion = 1;
	classes = {
	};
	objectVersion = 56;
	objects = {

/* Begin PBXBuildFile section */
		F829586F28EF10CF00BA44E0 /* AppDelegate.swift in Sources */ = {isa = PBXBuildFile; fileRef = F829586E28EF10CF00BA44E0 /* AppDelegate.swift */; };
		F829587128EF10CF00BA44E0 /* SceneDelegate.swift in Sources */ = {isa = PBXBuildFile; fileRef = F829587028EF10CF00BA44E0 /* SceneDelegate.swift */; };
		F829587328EF10CF00BA44E0 /* MainTabBarViewController.swift in Sources */ = {isa = PBXBuildFile; fileRef = F829587228EF10CF00BA44E0 /* MainTabBarViewController.swift */; };
		F829587828EF10D100BA44E0 /* Assets.xcassets in Resources */ = {isa = PBXBuildFile; fileRef = F829587728EF10D100BA44E0 /* Assets.xcassets */; };
		F829587B28EF10D100BA44E0 /* LaunchScreen.storyboard in Resources */ = {isa = PBXBuildFile; fileRef = F829587928EF10D100BA44E0 /* LaunchScreen.storyboard */; };
		F829588528EF290300BA44E0 /* SearchViewController.swift in Sources */ = {isa = PBXBuildFile; fileRef = F829588428EF290300BA44E0 /* SearchViewController.swift */; };
		F829588728EF293700BA44E0 /* BuyViewController.swift in Sources */ = {isa = PBXBuildFile; fileRef = F829588628EF293700BA44E0 /* BuyViewController.swift */; };
		F829588928EF294600BA44E0 /* ForYouViewController.swift in Sources */ = {isa = PBXBuildFile; fileRef = F829588828EF294600BA44E0 /* ForYouViewController.swift */; };
		F829588B28EF295F00BA44E0 /* BasketViewController.swift in Sources */ = {isa = PBXBuildFile; fileRef = F829588A28EF295F00BA44E0 /* BasketViewController.swift */; };
		F829588F28EF34DD00BA44E0 /* SearchViewController +Extension.swift in Sources */ = {isa = PBXBuildFile; fileRef = F829588E28EF34DD00BA44E0 /* SearchViewController +Extension.swift */; };
		F8EAAD9928EF60AC008EADAC /* Product.swift in Sources */ = {isa = PBXBuildFile; fileRef = F8EAAD9828EF60AC008EADAC /* Product.swift */; };
		F8EAAD9B28EF6329008EADAC /* View+Extension.swift in Sources */ = {isa = PBXBuildFile; fileRef = F8EAAD9A28EF6329008EADAC /* View+Extension.swift */; };
		F8EAAD9D28EF6B88008EADAC /* DetailViewController.swift in Sources */ = {isa = PBXBuildFile; fileRef = F8EAAD9C28EF6B88008EADAC /* DetailViewController.swift */; };
		F8EC6E7E28F1812200E5447B /* DetailViewController+Extension.swift in Sources */ = {isa = PBXBuildFile; fileRef = F8EC6E7D28F1812200E5447B /* DetailViewController+Extension.swift */; };
		F8EC6E8428F3524F00E5447B /* Products.swift in Sources */ = {isa = PBXBuildFile; fileRef = F8EC6E8328F3524F00E5447B /* Products.swift */; };
		F8EC6E8628F36E4800E5447B /* NSMutableAttributedString+Extension.swift in Sources */ = {isa = PBXBuildFile; fileRef = F8EC6E8528F36E4800E5447B /* NSMutableAttributedString+Extension.swift */; };
/* End PBXBuildFile section */

/* Begin PBXFileReference section */
		F829586B28EF10CF00BA44E0 /* AppleStore.app */ = {isa = PBXFileReference; explicitFileType = wrapper.application; includeInIndex = 0; path = AppleStore.app; sourceTree = BUILT_PRODUCTS_DIR; };
		F829586E28EF10CF00BA44E0 /* AppDelegate.swift */ = {isa = PBXFileReference; lastKnownFileType = sourcecode.swift; path = AppDelegate.swift; sourceTree = "<group>"; };
		F829587028EF10CF00BA44E0 /* SceneDelegate.swift */ = {isa = PBXFileReference; lastKnownFileType = sourcecode.swift; path = SceneDelegate.swift; sourceTree = "<group>"; };
		F829587228EF10CF00BA44E0 /* MainTabBarViewController.swift */ = {isa = PBXFileReference; lastKnownFileType = sourcecode.swift; path = MainTabBarViewController.swift; sourceTree = "<group>"; };
		F829587728EF10D100BA44E0 /* Assets.xcassets */ = {isa = PBXFileReference; lastKnownFileType = folder.assetcatalog; path = Assets.xcassets; sourceTree = "<group>"; };
		F829587A28EF10D100BA44E0 /* Base */ = {isa = PBXFileReference; lastKnownFileType = file.storyboard; name = Base; path = Base.lproj/LaunchScreen.storyboard; sourceTree = "<group>"; };
		F829587C28EF10D100BA44E0 /* Info.plist */ = {isa = PBXFileReference; lastKnownFileType = text.plist.xml; path = Info.plist; sourceTree = "<group>"; };
		F829588428EF290300BA44E0 /* SearchViewController.swift */ = {isa = PBXFileReference; lastKnownFileType = sourcecode.swift; path = SearchViewController.swift; sourceTree = "<group>"; };
		F829588628EF293700BA44E0 /* BuyViewController.swift */ = {isa = PBXFileReference; lastKnownFileType = sourcecode.swift; path = BuyViewController.swift; sourceTree = "<group>"; };
		F829588828EF294600BA44E0 /* ForYouViewController.swift */ = {isa = PBXFileReference; lastKnownFileType = sourcecode.swift; path = ForYouViewController.swift; sourceTree = "<group>"; };
		F829588A28EF295F00BA44E0 /* BasketViewController.swift */ = {isa = PBXFileReference; lastKnownFileType = sourcecode.swift; path = BasketViewController.swift; sourceTree = "<group>"; };
		F829588E28EF34DD00BA44E0 /* SearchViewController +Extension.swift */ = {isa = PBXFileReference; lastKnownFileType = sourcecode.swift; path = "SearchViewController +Extension.swift"; sourceTree = "<group>"; };
		F8EAAD9828EF60AC008EADAC /* Product.swift */ = {isa = PBXFileReference; lastKnownFileType = sourcecode.swift; path = Product.swift; sourceTree = "<group>"; };
		F8EAAD9A28EF6329008EADAC /* View+Extension.swift */ = {isa = PBXFileReference; lastKnownFileType = sourcecode.swift; path = "View+Extension.swift"; sourceTree = "<group>"; };
		F8EAAD9C28EF6B88008EADAC /* DetailViewController.swift */ = {isa = PBXFileReference; lastKnownFileType = sourcecode.swift; path = DetailViewController.swift; sourceTree = "<group>"; };
		F8EC6E7D28F1812200E5447B /* DetailViewController+Extension.swift */ = {isa = PBXFileReference; lastKnownFileType = sourcecode.swift; path = "DetailViewController+Extension.swift"; sourceTree = "<group>"; };
		F8EC6E8328F3524F00E5447B /* Products.swift */ = {isa = PBXFileReference; lastKnownFileType = sourcecode.swift; path = Products.swift; sourceTree = "<group>"; };
		F8EC6E8528F36E4800E5447B /* NSMutableAttributedString+Extension.swift */ = {isa = PBXFileReference; fileEncoding = 4; lastKnownFileType = sourcecode.swift; name = "NSMutableAttributedString+Extension.swift"; path = "../../../../../../.Trash/NSMutableAttributedString+Extension.swift"; sourceTree = "<group>"; };
/* End PBXFileReference section */

/* Begin PBXFrameworksBuildPhase section */
		F829586828EF10CF00BA44E0 /* Frameworks */ = {
			isa = PBXFrameworksBuildPhase;
			buildActionMask = 2147483647;
			files = (
			);
			runOnlyForDeploymentPostprocessing = 0;
		};
/* End PBXFrameworksBuildPhase section */

/* Begin PBXGroup section */
		F829586228EF10CF00BA44E0 = {
			isa = PBXGroup;
			children = (
				F829586D28EF10CF00BA44E0 /* AppleStore */,
				F829586C28EF10CF00BA44E0 /* Products */,
			);
			sourceTree = "<group>";
		};
		F829586C28EF10CF00BA44E0 /* Products */ = {
			isa = PBXGroup;
			children = (
				F829586B28EF10CF00BA44E0 /* AppleStore.app */,
			);
			name = Products;
			sourceTree = "<group>";
		};
		F829586D28EF10CF00BA44E0 /* AppleStore */ = {
			isa = PBXGroup;
			children = (
				F829586E28EF10CF00BA44E0 /* AppDelegate.swift */,
				F829587028EF10CF00BA44E0 /* SceneDelegate.swift */,
				F8EAAD9728EF609E008EADAC /* Model */,
				F829588D28EF349C00BA44E0 /* Extensions */,
				F829588C28EF296B00BA44E0 /* Builder */,
				F829588228EF10D900BA44E0 /* Controllers */,
				F829587728EF10D100BA44E0 /* Assets.xcassets */,
				F829587928EF10D100BA44E0 /* LaunchScreen.storyboard */,
				F829587C28EF10D100BA44E0 /* Info.plist */,
			);
			path = AppleStore;
			sourceTree = "<group>";
		};
		F829588228EF10D900BA44E0 /* Controllers */ = {
			isa = PBXGroup;
			children = (
				F829588428EF290300BA44E0 /* SearchViewController.swift */,
				F8EAAD9C28EF6B88008EADAC /* DetailViewController.swift */,
				F829588628EF293700BA44E0 /* BuyViewController.swift */,
				F829588828EF294600BA44E0 /* ForYouViewController.swift */,
				F829588A28EF295F00BA44E0 /* BasketViewController.swift */,
			);
			path = Controllers;
			sourceTree = "<group>";
		};
		F829588C28EF296B00BA44E0 /* Builder */ = {
			isa = PBXGroup;
			children = (
				F829587228EF10CF00BA44E0 /* MainTabBarViewController.swift */,
			);
			path = Builder;
			sourceTree = "<group>";
		};
		F829588D28EF349C00BA44E0 /* Extensions */ = {
			isa = PBXGroup;
			children = (
				F829588E28EF34DD00BA44E0 /* SearchViewController +Extension.swift */,
				F8EC6E7D28F1812200E5447B /* DetailViewController+Extension.swift */,
				F8EC6E8528F36E4800E5447B /* NSMutableAttributedString+Extension.swift */,
				F8EAAD9A28EF6329008EADAC /* View+Extension.swift */,
			);
			path = Extensions;
			sourceTree = "<group>";
		};
		F8EAAD9728EF609E008EADAC /* Model */ = {
			isa = PBXGroup;
			children = (
				F8EAAD9828EF60AC008EADAC /* Product.swift */,
				F8EC6E8328F3524F00E5447B /* Products.swift */,
			);
			path = Model;
			sourceTree = "<group>";
		};
/* End PBXGroup section */

/* Begin PBXNativeTarget section */
		F829586A28EF10CF00BA44E0 /* AppleStore */ = {
			isa = PBXNativeTarget;
			buildConfigurationList = F829587F28EF10D100BA44E0 /* Build configuration list for PBXNativeTarget "AppleStore" */;
			buildPhases = (
				F829586728EF10CF00BA44E0 /* Sources */,
				F829586828EF10CF00BA44E0 /* Frameworks */,
				F829586928EF10CF00BA44E0 /* Resources */,
				F829588328EF11B500BA44E0 /* Swiftlint */,
			);
			buildRules = (
			);
			dependencies = (
			);
			name = AppleStore;
			productName = AppleStore;
			productReference = F829586B28EF10CF00BA44E0 /* AppleStore.app */;
			productType = "com.apple.product-type.application";
		};
/* End PBXNativeTarget section */

/* Begin PBXProject section */
		F829586328EF10CF00BA44E0 /* Project object */ = {
			isa = PBXProject;
			attributes = {
				BuildIndependentTargetsInParallel = 1;
				LastSwiftUpdateCheck = 1400;
				LastUpgradeCheck = 1400;
				TargetAttributes = {
					F829586A28EF10CF00BA44E0 = {
						CreatedOnToolsVersion = 14.0;
					};
				};
			};
			buildConfigurationList = F829586628EF10CF00BA44E0 /* Build configuration list for PBXProject "AppleStore" */;
			compatibilityVersion = "Xcode 14.0";
			developmentRegion = en;
			hasScannedForEncodings = 0;
			knownRegions = (
				en,
				Base,
			);
			mainGroup = F829586228EF10CF00BA44E0;
			productRefGroup = F829586C28EF10CF00BA44E0 /* Products */;
			projectDirPath = "";
			projectRoot = "";
			targets = (
				F829586A28EF10CF00BA44E0 /* AppleStore */,
			);
		};
/* End PBXProject section */

/* Begin PBXResourcesBuildPhase section */
		F829586928EF10CF00BA44E0 /* Resources */ = {
			isa = PBXResourcesBuildPhase;
			buildActionMask = 2147483647;
			files = (
				F829587B28EF10D100BA44E0 /* LaunchScreen.storyboard in Resources */,
				F829587828EF10D100BA44E0 /* Assets.xcassets in Resources */,
			);
			runOnlyForDeploymentPostprocessing = 0;
		};
/* End PBXResourcesBuildPhase section */

/* Begin PBXShellScriptBuildPhase section */
		F829588328EF11B500BA44E0 /* Swiftlint */ = {
			isa = PBXShellScriptBuildPhase;
			alwaysOutOfDate = 1;
			buildActionMask = 2147483647;
			files = (
			);
			inputFileListPaths = (
			);
			inputPaths = (
			);
			name = Swiftlint;
			outputFileListPaths = (
			);
			outputPaths = (
			);
			runOnlyForDeploymentPostprocessing = 0;
			shellPath = /bin/sh;
			shellScript = "export PATH=\"$PATH:/opt/homebrew/bin\"\nif which swiftlint > /dev/null; then\n  swiftlint\nelse\n  echo \"warning: SwiftLint not installed, download from https://github.com/realm/SwiftLint\"\nfi\n";
		};
/* End PBXShellScriptBuildPhase section */

/* Begin PBXSourcesBuildPhase section */
		F829586728EF10CF00BA44E0 /* Sources */ = {
			isa = PBXSourcesBuildPhase;
			buildActionMask = 2147483647;
			files = (
				F8EAAD9D28EF6B88008EADAC /* DetailViewController.swift in Sources */,
				F8EC6E7E28F1812200E5447B /* DetailViewController+Extension.swift in Sources */,
				F829587328EF10CF00BA44E0 /* MainTabBarViewController.swift in Sources */,
				F829588728EF293700BA44E0 /* BuyViewController.swift in Sources */,
				F8EC6E8628F36E4800E5447B /* NSMutableAttributedString+Extension.swift in Sources */,
				F8EAAD9B28EF6329008EADAC /* View+Extension.swift in Sources */,
				F8EAAD9928EF60AC008EADAC /* Product.swift in Sources */,
				F829588B28EF295F00BA44E0 /* BasketViewController.swift in Sources */,
				F829588928EF294600BA44E0 /* ForYouViewController.swift in Sources */,
				F829588F28EF34DD00BA44E0 /* SearchViewController +Extension.swift in Sources */,
				F829586F28EF10CF00BA44E0 /* AppDelegate.swift in Sources */,
				F8EC6E8428F3524F00E5447B /* Products.swift in Sources */,
				F829588528EF290300BA44E0 /* SearchViewController.swift in Sources */,
				F829587128EF10CF00BA44E0 /* SceneDelegate.swift in Sources */,
			);
			runOnlyForDeploymentPostprocessing = 0;
		};
/* End PBXSourcesBuildPhase section */

/* Begin PBXVariantGroup section */
		F829587928EF10D100BA44E0 /* LaunchScreen.storyboard */ = {
			isa = PBXVariantGroup;
			children = (
				F829587A28EF10D100BA44E0 /* Base */,
			);
			name = LaunchScreen.storyboard;
			sourceTree = "<group>";
		};
/* End PBXVariantGroup section */

/* Begin XCBuildConfiguration section */
		F829587D28EF10D100BA44E0 /* Debug */ = {
			isa = XCBuildConfiguration;
			buildSettings = {
				ALWAYS_SEARCH_USER_PATHS = NO;
				CLANG_ANALYZER_NONNULL = YES;
				CLANG_ANALYZER_NUMBER_OBJECT_CONVERSION = YES_AGGRESSIVE;
				CLANG_CXX_LANGUAGE_STANDARD = "gnu++20";
				CLANG_ENABLE_MODULES = YES;
				CLANG_ENABLE_OBJC_ARC = YES;
				CLANG_ENABLE_OBJC_WEAK = YES;
				CLANG_WARN_BLOCK_CAPTURE_AUTORELEASING = YES;
				CLANG_WARN_BOOL_CONVERSION = YES;
				CLANG_WARN_COMMA = YES;
				CLANG_WARN_CONSTANT_CONVERSION = YES;
				CLANG_WARN_DEPRECATED_OBJC_IMPLEMENTATIONS = YES;
				CLANG_WARN_DIRECT_OBJC_ISA_USAGE = YES_ERROR;
				CLANG_WARN_DOCUMENTATION_COMMENTS = YES;
				CLANG_WARN_EMPTY_BODY = YES;
				CLANG_WARN_ENUM_CONVERSION = YES;
				CLANG_WARN_INFINITE_RECURSION = YES;
				CLANG_WARN_INT_CONVERSION = YES;
				CLANG_WARN_NON_LITERAL_NULL_CONVERSION = YES;
				CLANG_WARN_OBJC_IMPLICIT_RETAIN_SELF = YES;
				CLANG_WARN_OBJC_LITERAL_CONVERSION = YES;
				CLANG_WARN_OBJC_ROOT_CLASS = YES_ERROR;
				CLANG_WARN_QUOTED_INCLUDE_IN_FRAMEWORK_HEADER = YES;
				CLANG_WARN_RANGE_LOOP_ANALYSIS = YES;
				CLANG_WARN_STRICT_PROTOTYPES = YES;
				CLANG_WARN_SUSPICIOUS_MOVE = YES;
				CLANG_WARN_UNGUARDED_AVAILABILITY = YES_AGGRESSIVE;
				CLANG_WARN_UNREACHABLE_CODE = YES;
				CLANG_WARN__DUPLICATE_METHOD_MATCH = YES;
				COPY_PHASE_STRIP = NO;
				DEBUG_INFORMATION_FORMAT = dwarf;
				ENABLE_STRICT_OBJC_MSGSEND = YES;
				ENABLE_TESTABILITY = YES;
				GCC_C_LANGUAGE_STANDARD = gnu11;
				GCC_DYNAMIC_NO_PIC = NO;
				GCC_NO_COMMON_BLOCKS = YES;
				GCC_OPTIMIZATION_LEVEL = 0;
				GCC_PREPROCESSOR_DEFINITIONS = (
					"DEBUG=1",
					"$(inherited)",
				);
				GCC_WARN_64_TO_32_BIT_CONVERSION = YES;
				GCC_WARN_ABOUT_RETURN_TYPE = YES_ERROR;
				GCC_WARN_UNDECLARED_SELECTOR = YES;
				GCC_WARN_UNINITIALIZED_AUTOS = YES_AGGRESSIVE;
				GCC_WARN_UNUSED_FUNCTION = YES;
				GCC_WARN_UNUSED_VARIABLE = YES;
				IPHONEOS_DEPLOYMENT_TARGET = 16.0;
				MTL_ENABLE_DEBUG_INFO = INCLUDE_SOURCE;
				MTL_FAST_MATH = YES;
				ONLY_ACTIVE_ARCH = YES;
				SDKROOT = iphoneos;
				SWIFT_ACTIVE_COMPILATION_CONDITIONS = DEBUG;
				SWIFT_OPTIMIZATION_LEVEL = "-Onone";
			};
			name = Debug;
		};
		F829587E28EF10D100BA44E0 /* Release */ = {
			isa = XCBuildConfiguration;
			buildSettings = {
				ALWAYS_SEARCH_USER_PATHS = NO;
				CLANG_ANALYZER_NONNULL = YES;
				CLANG_ANALYZER_NUMBER_OBJECT_CONVERSION = YES_AGGRESSIVE;
				CLANG_CXX_LANGUAGE_STANDARD = "gnu++20";
				CLANG_ENABLE_MODULES = YES;
				CLANG_ENABLE_OBJC_ARC = YES;
				CLANG_ENABLE_OBJC_WEAK = YES;
				CLANG_WARN_BLOCK_CAPTURE_AUTORELEASING = YES;
				CLANG_WARN_BOOL_CONVERSION = YES;
				CLANG_WARN_COMMA = YES;
				CLANG_WARN_CONSTANT_CONVERSION = YES;
				CLANG_WARN_DEPRECATED_OBJC_IMPLEMENTATIONS = YES;
				CLANG_WARN_DIRECT_OBJC_ISA_USAGE = YES_ERROR;
				CLANG_WARN_DOCUMENTATION_COMMENTS = YES;
				CLANG_WARN_EMPTY_BODY = YES;
				CLANG_WARN_ENUM_CONVERSION = YES;
				CLANG_WARN_INFINITE_RECURSION = YES;
				CLANG_WARN_INT_CONVERSION = YES;
				CLANG_WARN_NON_LITERAL_NULL_CONVERSION = YES;
				CLANG_WARN_OBJC_IMPLICIT_RETAIN_SELF = YES;
				CLANG_WARN_OBJC_LITERAL_CONVERSION = YES;
				CLANG_WARN_OBJC_ROOT_CLASS = YES_ERROR;
				CLANG_WARN_QUOTED_INCLUDE_IN_FRAMEWORK_HEADER = YES;
				CLANG_WARN_RANGE_LOOP_ANALYSIS = YES;
				CLANG_WARN_STRICT_PROTOTYPES = YES;
				CLANG_WARN_SUSPICIOUS_MOVE = YES;
				CLANG_WARN_UNGUARDED_AVAILABILITY = YES_AGGRESSIVE;
				CLANG_WARN_UNREACHABLE_CODE = YES;
				CLANG_WARN__DUPLICATE_METHOD_MATCH = YES;
				COPY_PHASE_STRIP = NO;
				DEBUG_INFORMATION_FORMAT = "dwarf-with-dsym";
				ENABLE_NS_ASSERTIONS = NO;
				ENABLE_STRICT_OBJC_MSGSEND = YES;
				GCC_C_LANGUAGE_STANDARD = gnu11;
				GCC_NO_COMMON_BLOCKS = YES;
				GCC_WARN_64_TO_32_BIT_CONVERSION = YES;
				GCC_WARN_ABOUT_RETURN_TYPE = YES_ERROR;
				GCC_WARN_UNDECLARED_SELECTOR = YES;
				GCC_WARN_UNINITIALIZED_AUTOS = YES_AGGRESSIVE;
				GCC_WARN_UNUSED_FUNCTION = YES;
				GCC_WARN_UNUSED_VARIABLE = YES;
				IPHONEOS_DEPLOYMENT_TARGET = 16.0;
				MTL_ENABLE_DEBUG_INFO = NO;
				MTL_FAST_MATH = YES;
				SDKROOT = iphoneos;
				SWIFT_COMPILATION_MODE = wholemodule;
				SWIFT_OPTIMIZATION_LEVEL = "-O";
				VALIDATE_PRODUCT = YES;
			};
			name = Release;
		};
		F829588028EF10D100BA44E0 /* Debug */ = {
			isa = XCBuildConfiguration;
			buildSettings = {
				ASSETCATALOG_COMPILER_APPICON_NAME = AppIcon;
				ASSETCATALOG_COMPILER_GLOBAL_ACCENT_COLOR_NAME = AccentColor;
				CODE_SIGN_STYLE = Automatic;
				CURRENT_PROJECT_VERSION = 1;
				DEVELOPMENT_TEAM = 23LWN74XLQ;
				GENERATE_INFOPLIST_FILE = YES;
				INFOPLIST_FILE = AppleStore/Info.plist;
				INFOPLIST_KEY_UIApplicationSupportsIndirectInputEvents = YES;
				INFOPLIST_KEY_UILaunchStoryboardName = LaunchScreen;
				INFOPLIST_KEY_UISupportedInterfaceOrientations_iPad = "UIInterfaceOrientationPortrait UIInterfaceOrientationPortraitUpsideDown UIInterfaceOrientationLandscapeLeft UIInterfaceOrientationLandscapeRight";
				INFOPLIST_KEY_UISupportedInterfaceOrientations_iPhone = "UIInterfaceOrientationPortrait UIInterfaceOrientationLandscapeLeft UIInterfaceOrientationLandscapeRight";
				LD_RUNPATH_SEARCH_PATHS = (
					"$(inherited)",
					"@executable_path/Frameworks",
				);
				MARKETING_VERSION = 1.0;
				PRODUCT_BUNDLE_IDENTIFIER = aleksandr.dorofeev.AppleStore;
				PRODUCT_NAME = "$(TARGET_NAME)";
				SWIFT_EMIT_LOC_STRINGS = YES;
				SWIFT_VERSION = 5.0;
				TARGETED_DEVICE_FAMILY = "1,2";
			};
			name = Debug;
		};
		F829588128EF10D100BA44E0 /* Release */ = {
			isa = XCBuildConfiguration;
			buildSettings = {
				ASSETCATALOG_COMPILER_APPICON_NAME = AppIcon;
				ASSETCATALOG_COMPILER_GLOBAL_ACCENT_COLOR_NAME = AccentColor;
				CODE_SIGN_STYLE = Automatic;
				CURRENT_PROJECT_VERSION = 1;
				DEVELOPMENT_TEAM = 23LWN74XLQ;
				GENERATE_INFOPLIST_FILE = YES;
				INFOPLIST_FILE = AppleStore/Info.plist;
				INFOPLIST_KEY_UIApplicationSupportsIndirectInputEvents = YES;
				INFOPLIST_KEY_UILaunchStoryboardName = LaunchScreen;
				INFOPLIST_KEY_UISupportedInterfaceOrientations_iPad = "UIInterfaceOrientationPortrait UIInterfaceOrientationPortraitUpsideDown UIInterfaceOrientationLandscapeLeft UIInterfaceOrientationLandscapeRight";
				INFOPLIST_KEY_UISupportedInterfaceOrientations_iPhone = "UIInterfaceOrientationPortrait UIInterfaceOrientationLandscapeLeft UIInterfaceOrientationLandscapeRight";
				LD_RUNPATH_SEARCH_PATHS = (
					"$(inherited)",
					"@executable_path/Frameworks",
				);
				MARKETING_VERSION = 1.0;
				PRODUCT_BUNDLE_IDENTIFIER = aleksandr.dorofeev.AppleStore;
				PRODUCT_NAME = "$(TARGET_NAME)";
				SWIFT_EMIT_LOC_STRINGS = YES;
				SWIFT_VERSION = 5.0;
				TARGETED_DEVICE_FAMILY = "1,2";
			};
			name = Release;
		};
/* End XCBuildConfiguration section */

/* Begin XCConfigurationList section */
		F829586628EF10CF00BA44E0 /* Build configuration list for PBXProject "AppleStore" */ = {
			isa = XCConfigurationList;
			buildConfigurations = (
				F829587D28EF10D100BA44E0 /* Debug */,
				F829587E28EF10D100BA44E0 /* Release */,
			);
			defaultConfigurationIsVisible = 0;
			defaultConfigurationName = Release;
		};
		F829587F28EF10D100BA44E0 /* Build configuration list for PBXNativeTarget "AppleStore" */ = {
			isa = XCConfigurationList;
			buildConfigurations = (
				F829588028EF10D100BA44E0 /* Debug */,
				F829588128EF10D100BA44E0 /* Release */,
			);
			defaultConfigurationIsVisible = 0;
			defaultConfigurationName = Release;
		};
/* End XCConfigurationList section */
	};
	rootObject = F829586328EF10CF00BA44E0 /* Project object */;
}
